{
	"name": "example",
	"version": "1.0.0",
	"lockfileVersion": 3,
	"requires": true,
	"packages": {
		"": {
			"name": "example",
			"version": "1.0.0",
			"license": "MIT",
			"dependencies": {
				"@celosiajs/core": "file:../packages/core",
				"@celosiajs/extensions": "file:../packages/extensions",
				"@celosiajs/file-upload": "file:../packages/file-upload",
				"@celosiajs/logging": "file:../packages/logging",
				"zod": "^3.23.8"
			},
			"devDependencies": {
				"tsx": "^4.11.0",
				"typescript": "^5.4.5"
			}
		},
		"../packages/core": {
			"name": "@celosiajs/core",
			"version": "0.0.1-alpha.9",
			"license": "MIT",
			"dependencies": {
				"@types/express": "^4.17.21",
				"@types/range-parser": "^1.2.7",
				"cookie-parser": "^1.4.6",
				"express": "^4.19.2",
				"tiny-typed-emitter": "^2.1.0",
				"zod": "^3.23.8"
			},
			"devDependencies": {
				"@types/cookie-parser": "^1.4.7"
			},
			"peerDependencies": {
				"winston": "^3.0.0"
			}
		},
		"../packages/extensions": {
			"name": "@celosiajs/extensions",
			"version": "0.0.1-alpha.9",
			"license": "MIT",
			"dependencies": {
				"@celosiajs/core": "^0.0.1-alpha.9"
			}
		},
		"../packages/file-upload": {
			"name": "@celosiajs/file-upload",
			"version": "0.0.1-alpha.9",
			"license": "MIT",
			"dependencies": {
				"@celosiajs/core": "^0.0.1-alpha.9",
				"busboy": "^1.6.0",
				"zod": "^3.23.8"
			},
			"devDependencies": {
				"@types/busboy": "^1.5.4"
			}
		},
		"../packages/logging": {
			"name": "@celosiajs/logging",
			"version": "0.0.1-alpha.8",
			"license": "MIT",
			"peerDependencies": {
				"winston": "^3.0.0"
			}
		},
		"node_modules/@celosiajs/core": {
			"resolved": "../packages/core",
			"link": true
		},
		"node_modules/@celosiajs/extensions": {
			"resolved": "../packages/extensions",
			"link": true
		},
		"node_modules/@celosiajs/file-upload": {
			"resolved": "../packages/file-upload",
			"link": true
		},
		"node_modules/@celosiajs/logging": {
			"resolved": "../packages/logging",
			"link": true
		},
		"node_modules/@esbuild/win32-x64": {
			"version": "0.23.1",
			"resolved": "https://registry.npmjs.org/@esbuild/win32-x64/-/win32-x64-0.23.1.tgz",
			"integrity": "sha512-BHpFFeslkWrXWyUPnbKm+xYYVYruCinGcftSBaa8zoF9hZO4BcSCFUvHVTtzpIY6YzUnYtuEhZ+C9iEXjxnasg==",
			"cpu": [
				"x64"
			],
			"dev": true,
			"license": "MIT",
			"optional": true,
			"os": [
				"win32"
			],
			"engines": {
				"node": ">=18"
			}
		},
		"node_modules/esbuild": {
			"version": "0.23.1",
			"resolved": "https://registry.npmjs.org/esbuild/-/esbuild-0.23.1.tgz",
			"integrity": "sha512-VVNz/9Sa0bs5SELtn3f7qhJCDPCF5oMEl5cO9/SSinpE9hbPVvxbd572HH5AKiP7WD8INO53GgfDDhRjkylHEg==",
			"dev": true,
			"hasInstallScript": true,
			"license": "MIT",
			"bin": {
				"esbuild": "bin/esbuild"
			},
			"engines": {
				"node": ">=18"
			},
			"optionalDependencies": {
				"@esbuild/aix-ppc64": "0.23.1",
				"@esbuild/android-arm": "0.23.1",
				"@esbuild/android-arm64": "0.23.1",
				"@esbuild/android-x64": "0.23.1",
				"@esbuild/darwin-arm64": "0.23.1",
				"@esbuild/darwin-x64": "0.23.1",
				"@esbuild/freebsd-arm64": "0.23.1",
				"@esbuild/freebsd-x64": "0.23.1",
				"@esbuild/linux-arm": "0.23.1",
				"@esbuild/linux-arm64": "0.23.1",
				"@esbuild/linux-ia32": "0.23.1",
				"@esbuild/linux-loong64": "0.23.1",
				"@esbuild/linux-mips64el": "0.23.1",
				"@esbuild/linux-ppc64": "0.23.1",
				"@esbuild/linux-riscv64": "0.23.1",
				"@esbuild/linux-s390x": "0.23.1",
				"@esbuild/linux-x64": "0.23.1",
				"@esbuild/netbsd-x64": "0.23.1",
				"@esbuild/openbsd-arm64": "0.23.1",
				"@esbuild/openbsd-x64": "0.23.1",
				"@esbuild/sunos-x64": "0.23.1",
				"@esbuild/win32-arm64": "0.23.1",
				"@esbuild/win32-ia32": "0.23.1",
				"@esbuild/win32-x64": "0.23.1"
			}
		},
		"node_modules/get-tsconfig": {
			"version": "4.8.1",
			"resolved": "https://registry.npmjs.org/get-tsconfig/-/get-tsconfig-4.8.1.tgz",
			"integrity": "sha512-k9PN+cFBmaLWtVz29SkUoqU5O0slLuHJXt/2P+tMVFT+phsSGXGkp9t3rQIqdz0e+06EHNGs3oM6ZX1s2zHxRg==",
			"dev": true,
			"license": "MIT",
			"dependencies": {
				"resolve-pkg-maps": "^1.0.0"
			},
			"funding": {
				"url": "https://github.com/privatenumber/get-tsconfig?sponsor=1"
			}
		},
		"node_modules/resolve-pkg-maps": {
			"version": "1.0.0",
			"resolved": "https://registry.npmjs.org/resolve-pkg-maps/-/resolve-pkg-maps-1.0.0.tgz",
			"integrity": "sha512-seS2Tj26TBVOC2NIc2rOe2y2ZO7efxITtLZcGSOnHHNOQ7CkiUBfw0Iw2ck6xkIhPwLhKNLS8BO+hEpngQlqzw==",
			"dev": true,
			"license": "MIT",
			"funding": {
				"url": "https://github.com/privatenumber/resolve-pkg-maps?sponsor=1"
			}
		},
		"node_modules/tsx": {
			"version": "4.19.1",
			"resolved": "https://registry.npmjs.org/tsx/-/tsx-4.19.1.tgz",
			"integrity": "sha512-0flMz1lh74BR4wOvBjuh9olbnwqCPc35OOlfyzHba0Dc+QNUeWX/Gq2YTbnwcWPO3BMd8fkzRVrHcsR+a7z7rA==",
			"dev": true,
			"license": "MIT",
			"dependencies": {
				"esbuild": "~0.23.0",
				"get-tsconfig": "^4.7.5"
			},
			"bin": {
				"tsx": "dist/cli.mjs"
			},
			"engines": {
				"node": ">=18.0.0"
			},
			"optionalDependencies": {
				"fsevents": "~2.3.3"
			}
		},
		"node_modules/typescript": {
			"version": "5.6.2",
			"resolved": "https://registry.npmjs.org/typescript/-/typescript-5.6.2.tgz",
			"integrity": "sha512-NW8ByodCSNCwZeghjN3o+JX5OFH0Ojg6sadjEKY4huZ52TqbJTJnDo5+Tw98lSy63NZvi4n+ez5m2u5d4PkZyw==",
			"dev": true,
			"license": "Apache-2.0",
			"bin": {
				"tsc": "bin/tsc",
				"tsserver": "bin/tsserver"
			},
			"engines": {
				"node": ">=14.17"
			}
		},
		"node_modules/zod": {
			"version": "3.23.8",
			"resolved": "https://registry.npmjs.org/zod/-/zod-3.23.8.tgz",
			"integrity": "sha512-XBx9AXhXktjUqnepgTiE5flcKIYWi/rme0Eaj+5Y0lftuGBq+jyRu/md4WnuxqgP1ubdpNCsYEYPxrzVHD8d6g==",
			"license": "MIT",
			"funding": {
				"url": "https://github.com/sponsors/colinhacks"
			}
		}
	}
}
